
Microsoft Visual Studio Solution File, Format Version 12.00
# Visual Studio Version 17
VisualStudioVersion = 17.8.34408.163
MinimumVisualStudioVersion = 10.0.40219.1
Project("{FAE04EC0-301F-11D3-BF4B-00C04F79EFBC}") = "BowlingBackend", "BowlingBackend.csproj", "{DC9A991B-96EC-48F1-81E6-5072347BF16D}"
EndProject
Global
	GlobalSection(SolutionConfigurationPlatforms) = preSolution
		Debug|Any CPU = Debug|Any CPU
		Release|Any CPU = Release|Any CPU
	EndGlobalSection
	GlobalSection(ProjectConfigurationPlatforms) = postSolution
		{DC9A991B-96EC-48F1-81E6-5072347BF16D}.Debug|Any CPU.ActiveCfg = Debug|Any CPU
		{DC9A991B-96EC-48F1-81E6-5072347BF16D}.Debug|Any CPU.Build.0 = Debug|Any CPU
		{DC9A991B-96EC-48F1-81E6-5072347BF16D}.Release|Any CPU.ActiveCfg = Release|Any CPU
		{DC9A991B-96EC-48F1-81E6-5072347BF16D}.Release|Any CPU.Build.0 = Release|Any CPU
	EndGlobalSection
	GlobalSection(SolutionProperties) = preSolution
		HideSolutionNode = FALSE
	EndGlobalSection
	GlobalSection(ExtensibilityGlobals) = postSolution
		SolutionGuid = {9AE84F35-328D-4451-B872-79D2A681EC6B}
	EndGlobalSection
EndGlobal
